
Microsoft Visual Studio Solution File, Format Version 12.00
# Visual Studio Version 17
VisualStudioVersion = 17.6.33829.357
MinimumVisualStudioVersion = 10.0.40219.1
Project("{9A19103F-16F7-4668-BE54-9A1E7A4F7556}") = "07.09", "14.09\07.09.csproj", "{8EECA5A9-772F-486C-8995-06BC6E4CD073}"
EndProject
Global
	GlobalSection(SolutionConfigurationPlatforms) = preSolution
		Debug|Any CPU = Debug|Any CPU
		Release|Any CPU = Release|Any CPU
	EndGlobalSection
	GlobalSection(ProjectConfigurationPlatforms) = postSolution
		{8EECA5A9-772F-486C-8995-06BC6E4CD073}.Debug|Any CPU.ActiveCfg = Debug|Any CPU
		{8EECA5A9-772F-486C-8995-06BC6E4CD073}.Debug|Any CPU.Build.0 = Debug|Any CPU
		{8EECA5A9-772F-486C-8995-06BC6E4CD073}.Release|Any CPU.ActiveCfg = Release|Any CPU
		{8EECA5A9-772F-486C-8995-06BC6E4CD073}.Release|Any CPU.Build.0 = Release|Any CPU
	EndGlobalSection
	GlobalSection(SolutionProperties) = preSolution
		HideSolutionNode = FALSE
	EndGlobalSection
	GlobalSection(ExtensibilityGlobals) = postSolution
		SolutionGuid = {C8377E93-2BD5-4FE7-98C0-8A1F85F59956}
	EndGlobalSection
EndGlobal
