
Microsoft Visual Studio Solution File, Format Version 12.00
# Visual Studio Version 17
VisualStudioVersion = 17.6.33829.357
MinimumVisualStudioVersion = 10.0.40219.1
Project("{FAE04EC0-301F-11D3-BF4B-00C04F79EFBC}") = "Calculator", "Calculator\Calculator.csproj", "{D5EBDA15-1EA7-4A98-A0B3-6DBA69DDAB07}"
EndProject
Global
	GlobalSection(SolutionConfigurationPlatforms) = preSolution
		Debug|Any CPU = Debug|Any CPU
		Release|Any CPU = Release|Any CPU
	EndGlobalSection
	GlobalSection(ProjectConfigurationPlatforms) = postSolution
		{D5EBDA15-1EA7-4A98-A0B3-6DBA69DDAB07}.Debug|Any CPU.ActiveCfg = Debug|Any CPU
		{D5EBDA15-1EA7-4A98-A0B3-6DBA69DDAB07}.Debug|Any CPU.Build.0 = Debug|Any CPU
		{D5EBDA15-1EA7-4A98-A0B3-6DBA69DDAB07}.Release|Any CPU.ActiveCfg = Release|Any CPU
		{D5EBDA15-1EA7-4A98-A0B3-6DBA69DDAB07}.Release|Any CPU.Build.0 = Release|Any CPU
	EndGlobalSection
	GlobalSection(SolutionProperties) = preSolution
		HideSolutionNode = FALSE
	EndGlobalSection
	GlobalSection(ExtensibilityGlobals) = postSolution
		SolutionGuid = {F1286142-BF32-484F-BE4F-39B43BA3F356}
	EndGlobalSection
EndGlobal
