
Microsoft Visual Studio Solution File, Format Version 12.00
# Visual Studio Version 17
VisualStudioVersion = 17.6.33829.357
MinimumVisualStudioVersion = 10.0.40219.1
Project("{FAE04EC0-301F-11D3-BF4B-00C04F79EFBC}") = "03.09", "03.09\03.09.csproj", "{1CD6FDBC-8A8E-4A50-9A26-5819BDCED356}"
EndProject
Global
	GlobalSection(SolutionConfigurationPlatforms) = preSolution
		Debug|Any CPU = Debug|Any CPU
		Release|Any CPU = Release|Any CPU
	EndGlobalSection
	GlobalSection(ProjectConfigurationPlatforms) = postSolution
		{1CD6FDBC-8A8E-4A50-9A26-5819BDCED356}.Debug|Any CPU.ActiveCfg = Debug|Any CPU
		{1CD6FDBC-8A8E-4A50-9A26-5819BDCED356}.Debug|Any CPU.Build.0 = Debug|Any CPU
		{1CD6FDBC-8A8E-4A50-9A26-5819BDCED356}.Release|Any CPU.ActiveCfg = Release|Any CPU
		{1CD6FDBC-8A8E-4A50-9A26-5819BDCED356}.Release|Any CPU.Build.0 = Release|Any CPU
	EndGlobalSection
	GlobalSection(SolutionProperties) = preSolution
		HideSolutionNode = FALSE
	EndGlobalSection
	GlobalSection(ExtensibilityGlobals) = postSolution
		SolutionGuid = {BA83F2B4-A08F-4F15-8DD6-68A084B7FEE5}
	EndGlobalSection
EndGlobal
