
Microsoft Visual Studio Solution File, Format Version 12.00
# Visual Studio Version 17
VisualStudioVersion = 17.6.33829.357
MinimumVisualStudioVersion = 10.0.40219.1
Project("{FAE04EC0-301F-11D3-BF4B-00C04F79EFBC}") = "HW24.08", "HW24.08\HW24.08.csproj", "{DD8F7818-8875-457D-871C-DBB9C8F06987}"
EndProject
Global
	GlobalSection(SolutionConfigurationPlatforms) = preSolution
		Debug|Any CPU = Debug|Any CPU
		Release|Any CPU = Release|Any CPU
	EndGlobalSection
	GlobalSection(ProjectConfigurationPlatforms) = postSolution
		{DD8F7818-8875-457D-871C-DBB9C8F06987}.Debug|Any CPU.ActiveCfg = Debug|Any CPU
		{DD8F7818-8875-457D-871C-DBB9C8F06987}.Debug|Any CPU.Build.0 = Debug|Any CPU
		{DD8F7818-8875-457D-871C-DBB9C8F06987}.Release|Any CPU.ActiveCfg = Release|Any CPU
		{DD8F7818-8875-457D-871C-DBB9C8F06987}.Release|Any CPU.Build.0 = Release|Any CPU
	EndGlobalSection
	GlobalSection(SolutionProperties) = preSolution
		HideSolutionNode = FALSE
	EndGlobalSection
	GlobalSection(ExtensibilityGlobals) = postSolution
		SolutionGuid = {C079979B-4F5F-46B9-AFF0-531D9B3871F8}
	EndGlobalSection
EndGlobal
