
Microsoft Visual Studio Solution File, Format Version 12.00
# Visual Studio Version 17
VisualStudioVersion = 17.6.33829.357
MinimumVisualStudioVersion = 10.0.40219.1
Project("{FAE04EC0-301F-11D3-BF4B-00C04F79EFBC}") = "HW31.08", "HW31.08\HW31.08.csproj", "{3D053E5C-402F-4889-BA0D-F69EB564A1A1}"
EndProject
Global
	GlobalSection(SolutionConfigurationPlatforms) = preSolution
		Debug|Any CPU = Debug|Any CPU
		Release|Any CPU = Release|Any CPU
	EndGlobalSection
	GlobalSection(ProjectConfigurationPlatforms) = postSolution
		{3D053E5C-402F-4889-BA0D-F69EB564A1A1}.Debug|Any CPU.ActiveCfg = Debug|Any CPU
		{3D053E5C-402F-4889-BA0D-F69EB564A1A1}.Debug|Any CPU.Build.0 = Debug|Any CPU
		{3D053E5C-402F-4889-BA0D-F69EB564A1A1}.Release|Any CPU.ActiveCfg = Release|Any CPU
		{3D053E5C-402F-4889-BA0D-F69EB564A1A1}.Release|Any CPU.Build.0 = Release|Any CPU
	EndGlobalSection
	GlobalSection(SolutionProperties) = preSolution
		HideSolutionNode = FALSE
	EndGlobalSection
	GlobalSection(ExtensibilityGlobals) = postSolution
		SolutionGuid = {61E253F9-9647-44A7-850C-7B65D681792C}
	EndGlobalSection
EndGlobal
